
Microsoft Visual Studio Solution File, Format Version 12.00
# Visual Studio Version 16
Project("{8BC9CEB8-8B4A-11D0-8D11-00A0C91BC942}") = "ALL_BUILD", "ALL_BUILD.vcxproj", "{FFFDDC95-87FD-3CC8-9CAF-6447E6099F01}"
	ProjectSection(ProjectDependencies) = postProject
		{80007816-DCB7-3C9E-925B-F660ECB1B067} = {80007816-DCB7-3C9E-925B-F660ECB1B067}
		{647FDC01-40CD-35CF-9658-CBD48B767CAF} = {647FDC01-40CD-35CF-9658-CBD48B767CAF}
	EndProjectSection
EndProject
Project("{8BC9CEB8-8B4A-11D0-8D11-00A0C91BC942}") = "ZERO_CHECK", "ZERO_CHECK.vcxproj", "{80007816-DCB7-3C9E-925B-F660ECB1B067}"
	ProjectSection(ProjectDependencies) = postProject
	EndProjectSection
EndProject
Project("{8BC9CEB8-8B4A-11D0-8D11-00A0C91BC942}") = "raw", "raw.vcxproj", "{647FDC01-40CD-35CF-9658-CBD48B767CAF}"
	ProjectSection(ProjectDependencies) = postProject
		{80007816-DCB7-3C9E-925B-F660ECB1B067} = {80007816-DCB7-3C9E-925B-F660ECB1B067}
	EndProjectSection
EndProject
Global
	GlobalSection(SolutionConfigurationPlatforms) = preSolution
		Debug|x64 = Debug|x64
		Release|x64 = Release|x64
		MinSizeRel|x64 = MinSizeRel|x64
		RelWithDebInfo|x64 = RelWithDebInfo|x64
	EndGlobalSection
	GlobalSection(ProjectConfigurationPlatforms) = postSolution
		{FFFDDC95-87FD-3CC8-9CAF-6447E6099F01}.Debug|x64.ActiveCfg = Debug|x64
		{FFFDDC95-87FD-3CC8-9CAF-6447E6099F01}.Release|x64.ActiveCfg = Release|x64
		{FFFDDC95-87FD-3CC8-9CAF-6447E6099F01}.MinSizeRel|x64.ActiveCfg = MinSizeRel|x64
		{FFFDDC95-87FD-3CC8-9CAF-6447E6099F01}.RelWithDebInfo|x64.ActiveCfg = RelWithDebInfo|x64
		{80007816-DCB7-3C9E-925B-F660ECB1B067}.Debug|x64.ActiveCfg = Debug|x64
		{80007816-DCB7-3C9E-925B-F660ECB1B067}.Debug|x64.Build.0 = Debug|x64
		{80007816-DCB7-3C9E-925B-F660ECB1B067}.Release|x64.ActiveCfg = Release|x64
		{80007816-DCB7-3C9E-925B-F660ECB1B067}.Release|x64.Build.0 = Release|x64
		{80007816-DCB7-3C9E-925B-F660ECB1B067}.MinSizeRel|x64.ActiveCfg = MinSizeRel|x64
		{80007816-DCB7-3C9E-925B-F660ECB1B067}.MinSizeRel|x64.Build.0 = MinSizeRel|x64
		{80007816-DCB7-3C9E-925B-F660ECB1B067}.RelWithDebInfo|x64.ActiveCfg = RelWithDebInfo|x64
		{80007816-DCB7-3C9E-925B-F660ECB1B067}.RelWithDebInfo|x64.Build.0 = RelWithDebInfo|x64
		{647FDC01-40CD-35CF-9658-CBD48B767CAF}.Debug|x64.ActiveCfg = Debug|x64
		{647FDC01-40CD-35CF-9658-CBD48B767CAF}.Debug|x64.Build.0 = Debug|x64
		{647FDC01-40CD-35CF-9658-CBD48B767CAF}.Release|x64.ActiveCfg = Release|x64
		{647FDC01-40CD-35CF-9658-CBD48B767CAF}.Release|x64.Build.0 = Release|x64
		{647FDC01-40CD-35CF-9658-CBD48B767CAF}.MinSizeRel|x64.ActiveCfg = MinSizeRel|x64
		{647FDC01-40CD-35CF-9658-CBD48B767CAF}.MinSizeRel|x64.Build.0 = MinSizeRel|x64
		{647FDC01-40CD-35CF-9658-CBD48B767CAF}.RelWithDebInfo|x64.ActiveCfg = RelWithDebInfo|x64
		{647FDC01-40CD-35CF-9658-CBD48B767CAF}.RelWithDebInfo|x64.Build.0 = RelWithDebInfo|x64
	EndGlobalSection
	GlobalSection(ExtensibilityGlobals) = postSolution
		SolutionGuid = {78EB878E-65D0-31C0-8692-CB5190D6688A}
	EndGlobalSection
	GlobalSection(ExtensibilityAddIns) = postSolution
	EndGlobalSection
EndGlobal
